
Microsoft Visual Studio Solution File, Format Version 12.00
# Visual Studio 14
VisualStudioVersion = 14.0.24720.0
MinimumVisualStudioVersion = 10.0.40219.1
Project("{FAE04EC0-301F-11D3-BF4B-00C04F79EFBC}") = "DSTServerManager", "DSTServerManager\DSTServerManager.csproj", "{E54B8709-26D6-4A25-8222-68BCEBAC3CE7}"
EndProject
Project("{FAE04EC0-301F-11D3-BF4B-00C04F79EFBC}") = "LuaInterface", "LuaInterface\LuaInterface.csproj", "{F55CABBB-4108-4A39-94E1-581FD46DC021}"
EndProject
Project("{8BC9CEB8-8B4A-11D0-8D11-00A0C91BC942}") = "Lua51", "Lua51\Lua51.vcxproj", "{0A82CC4C-9A27-461C-8DB0-A65AC6393748}"
EndProject
Global
	GlobalSection(SolutionConfigurationPlatforms) = preSolution
		Debug|Any CPU = Debug|Any CPU
		Debug|x86 = Debug|x86
		Release|Any CPU = Release|Any CPU
		Release|x86 = Release|x86
	EndGlobalSection
	GlobalSection(ProjectConfigurationPlatforms) = postSolution
		{E54B8709-26D6-4A25-8222-68BCEBAC3CE7}.Debug|Any CPU.ActiveCfg = Debug|Any CPU
		{E54B8709-26D6-4A25-8222-68BCEBAC3CE7}.Debug|Any CPU.Build.0 = Debug|Any CPU
		{E54B8709-26D6-4A25-8222-68BCEBAC3CE7}.Debug|x86.ActiveCfg = Debug|Any CPU
		{E54B8709-26D6-4A25-8222-68BCEBAC3CE7}.Debug|x86.Build.0 = Debug|Any CPU
		{E54B8709-26D6-4A25-8222-68BCEBAC3CE7}.Release|Any CPU.ActiveCfg = Release|Any CPU
		{E54B8709-26D6-4A25-8222-68BCEBAC3CE7}.Release|Any CPU.Build.0 = Release|Any CPU
		{E54B8709-26D6-4A25-8222-68BCEBAC3CE7}.Release|x86.ActiveCfg = Release|Any CPU
		{E54B8709-26D6-4A25-8222-68BCEBAC3CE7}.Release|x86.Build.0 = Release|Any CPU
		{F55CABBB-4108-4A39-94E1-581FD46DC021}.Debug|Any CPU.ActiveCfg = Debug|Any CPU
		{F55CABBB-4108-4A39-94E1-581FD46DC021}.Debug|Any CPU.Build.0 = Debug|Any CPU
		{F55CABBB-4108-4A39-94E1-581FD46DC021}.Debug|x86.ActiveCfg = Debug|Any CPU
		{F55CABBB-4108-4A39-94E1-581FD46DC021}.Debug|x86.Build.0 = Debug|Any CPU
		{F55CABBB-4108-4A39-94E1-581FD46DC021}.Release|Any CPU.ActiveCfg = Release|Any CPU
		{F55CABBB-4108-4A39-94E1-581FD46DC021}.Release|Any CPU.Build.0 = Release|Any CPU
		{F55CABBB-4108-4A39-94E1-581FD46DC021}.Release|x86.ActiveCfg = Release|Any CPU
		{F55CABBB-4108-4A39-94E1-581FD46DC021}.Release|x86.Build.0 = Release|Any CPU
		{0A82CC4C-9A27-461C-8DB0-A65AC6393748}.Debug|Any CPU.ActiveCfg = Debug|Win32
		{0A82CC4C-9A27-461C-8DB0-A65AC6393748}.Debug|x86.ActiveCfg = Debug|Win32
		{0A82CC4C-9A27-461C-8DB0-A65AC6393748}.Debug|x86.Build.0 = Debug|Win32
		{0A82CC4C-9A27-461C-8DB0-A65AC6393748}.Release|Any CPU.ActiveCfg = Release|Win32
		{0A82CC4C-9A27-461C-8DB0-A65AC6393748}.Release|x86.ActiveCfg = Release|Win32
		{0A82CC4C-9A27-461C-8DB0-A65AC6393748}.Release|x86.Build.0 = Release|Win32
	EndGlobalSection
	GlobalSection(SolutionProperties) = preSolution
		HideSolutionNode = FALSE
	EndGlobalSection
EndGlobal
